
Microsoft Visual Studio Solution File, Format Version 12.00
# Visual Studio Version 17
VisualStudioVersion = 17.5.002.0
MinimumVisualStudioVersion = 10.0.40219.1
Project("{9A19103F-16F7-4668-BE54-9A1E7A4F7556}") = "SomaVetor", "SomaVetor.csproj", "{C409DBD7-6241-4546-8956-BC6CD0FBDE27}"
EndProject
Global
	GlobalSection(SolutionConfigurationPlatforms) = preSolution
		Debug|Any CPU = Debug|Any CPU
		Release|Any CPU = Release|Any CPU
	EndGlobalSection
	GlobalSection(ProjectConfigurationPlatforms) = postSolution
		{C409DBD7-6241-4546-8956-BC6CD0FBDE27}.Debug|Any CPU.ActiveCfg = Debug|Any CPU
		{C409DBD7-6241-4546-8956-BC6CD0FBDE27}.Debug|Any CPU.Build.0 = Debug|Any CPU
		{C409DBD7-6241-4546-8956-BC6CD0FBDE27}.Release|Any CPU.ActiveCfg = Release|Any CPU
		{C409DBD7-6241-4546-8956-BC6CD0FBDE27}.Release|Any CPU.Build.0 = Release|Any CPU
	EndGlobalSection
	GlobalSection(SolutionProperties) = preSolution
		HideSolutionNode = FALSE
	EndGlobalSection
	GlobalSection(ExtensibilityGlobals) = postSolution
		SolutionGuid = {FFEF7EF6-2290-47EA-8F3C-1033EE15AAE3}
	EndGlobalSection
EndGlobal
